
Microsoft Visual Studio Solution File, Format Version 11.00
# Visual Studio 2010
Project("{E24C65DC-7377-472B-9ABA-BC803B73C61A}") = "Matrimonial", "D:\Works\Matrimonial\", "{6A1782B7-348A-417E-990F-8B18D4396D8A}"
	ProjectSection(WebsiteProperties) = preProject
		TargetFrameworkMoniker = ".NETFramework,Version%3Dv4.0"
		Debug.AspNetCompiler.VirtualPath = "/Matrimonial"
		Debug.AspNetCompiler.PhysicalPath = "D:\Works\Matrimonial\"
		Debug.AspNetCompiler.TargetPath = "PrecompiledWeb\Matrimonial\"
		Debug.AspNetCompiler.Updateable = "true"
		Debug.AspNetCompiler.ForceOverwrite = "true"
		Debug.AspNetCompiler.FixedNames = "false"
		Debug.AspNetCompiler.Debug = "True"
		Release.AspNetCompiler.VirtualPath = "/Matrimonial"
		Release.AspNetCompiler.PhysicalPath = "D:\Works\Matrimonial\"
		Release.AspNetCompiler.TargetPath = "PrecompiledWeb\Matrimonial\"
		Release.AspNetCompiler.Updateable = "true"
		Release.AspNetCompiler.ForceOverwrite = "true"
		Release.AspNetCompiler.FixedNames = "false"
		Release.AspNetCompiler.Debug = "False"
		VWDPort = "2596"
		DefaultWebSiteLanguage = "Visual C#"
	EndProjectSection
EndProject
Global
	GlobalSection(SolutionConfigurationPlatforms) = preSolution
		Debug|Any CPU = Debug|Any CPU
	EndGlobalSection
	GlobalSection(ProjectConfigurationPlatforms) = postSolution
		{6A1782B7-348A-417E-990F-8B18D4396D8A}.Debug|Any CPU.ActiveCfg = Debug|Any CPU
		{6A1782B7-348A-417E-990F-8B18D4396D8A}.Debug|Any CPU.Build.0 = Debug|Any CPU
	EndGlobalSection
	GlobalSection(SolutionProperties) = preSolution
		HideSolutionNode = FALSE
	EndGlobalSection
EndGlobal
